
Microsoft Visual Studio Solution File, Format Version 12.00
# Visual Studio Version 16
VisualStudioVersion = 16.0.30711.63
MinimumVisualStudioVersion = 10.0.40219.1
Project("{FAE04EC0-301F-11D3-BF4B-00C04F79EFBC}") = "Kursach", "Kursach\Kursach.csproj", "{C81ECE87-B5F0-43F2-8D74-66D93EF96B88}"
EndProject
Global
	GlobalSection(SolutionConfigurationPlatforms) = preSolution
		Debug|Any CPU = Debug|Any CPU
		Release|Any CPU = Release|Any CPU
	EndGlobalSection
	GlobalSection(ProjectConfigurationPlatforms) = postSolution
		{C81ECE87-B5F0-43F2-8D74-66D93EF96B88}.Debug|Any CPU.ActiveCfg = Debug|Any CPU
		{C81ECE87-B5F0-43F2-8D74-66D93EF96B88}.Debug|Any CPU.Build.0 = Debug|Any CPU
		{C81ECE87-B5F0-43F2-8D74-66D93EF96B88}.Release|Any CPU.ActiveCfg = Release|Any CPU
		{C81ECE87-B5F0-43F2-8D74-66D93EF96B88}.Release|Any CPU.Build.0 = Release|Any CPU
	EndGlobalSection
	GlobalSection(SolutionProperties) = preSolution
		HideSolutionNode = FALSE
	EndGlobalSection
	GlobalSection(ExtensibilityGlobals) = postSolution
		SolutionGuid = {DF09B08C-FF92-4EE1-B091-DBBC00278BE6}
	EndGlobalSection
EndGlobal
